
Microsoft Visual Studio Solution File, Format Version 12.00
# Visual Studio 15
VisualStudioVersion = 15.0.28307.572
MinimumVisualStudioVersion = 10.0.40219.1
Project("{FAE04EC0-301F-11D3-BF4B-00C04F79EFBC}") = "CityInfo.Api", "CityInfo.Api\CityInfo.Api.csproj", "{2C4BCD06-3AE1-43C5-AFE4-0A6057A8989D}"
EndProject
Global
	GlobalSection(SolutionConfigurationPlatforms) = preSolution
		Debug|Any CPU = Debug|Any CPU
		Release|Any CPU = Release|Any CPU
	EndGlobalSection
	GlobalSection(ProjectConfigurationPlatforms) = postSolution
		{2C4BCD06-3AE1-43C5-AFE4-0A6057A8989D}.Debug|Any CPU.ActiveCfg = Debug|Any CPU
		{2C4BCD06-3AE1-43C5-AFE4-0A6057A8989D}.Debug|Any CPU.Build.0 = Debug|Any CPU
		{2C4BCD06-3AE1-43C5-AFE4-0A6057A8989D}.Release|Any CPU.ActiveCfg = Release|Any CPU
		{2C4BCD06-3AE1-43C5-AFE4-0A6057A8989D}.Release|Any CPU.Build.0 = Release|Any CPU
	EndGlobalSection
	GlobalSection(SolutionProperties) = preSolution
		HideSolutionNode = FALSE
	EndGlobalSection
	GlobalSection(ExtensibilityGlobals) = postSolution
		SolutionGuid = {7CECA9A9-1C5F-4C5D-8BD5-726BA0E12466}
	EndGlobalSection
EndGlobal
